// !$*UTF8*$!
{
	archiveVersion = 1;
	classes = {
	};
	objectVersion = 52;
	objects = {

/* Begin PBXBuildFile section */
		0207DA581B56EA530066E2B4 /* Images.xcassets in Resources */ = {isa = PBXBuildFile; fileRef = 0207DA571B56EA530066E2B4 /* Images.xcassets */; };
		1D3623260D0F684500981E51 /* AppDelegate.m in Sources */ = {isa = PBXBuildFile; fileRef = 1D3623250D0F684500981E51 /* AppDelegate.m */; };
		1D60589B0D05DD56006BFB54 /* main.m in Sources */ = {isa = PBXBuildFile; fileRef = 29B97316FDCFA39411CA2CEA /* main.m */; };
		301BF552109A68D80062928A /* libCordova.a in Frameworks */ = {isa = PBXBuildFile; fileRef = 301BF535109A57CC0062928A /* libCordova.a */; settings = {ATTRIBUTES = (Required, ); }; };
		302D95F114D2391D003F00A1 /* MainViewController.m in Sources */ = {isa = PBXBuildFile; fileRef = 302D95EF14D2391D003F00A1 /* MainViewController.m */; };
		302D95F214D2391D003F00A1 /* MainViewController.xib in Resources */ = {isa = PBXBuildFile; fileRef = 302D95F014D2391D003F00A1 /* MainViewController.xib */; };
		6AFF5BF91D6E424B00AB3073 /* CDVLaunchScreen.storyboard in Resources */ = {isa = PBXBuildFile; fileRef = 6AFF5BF81D6E424B00AB3073 /* CDVLaunchScreen.storyboard */; };
		2A4CF233B9B44A999DE57974 /* GoogleAppMeasurement.xcframework in Resources */ = {isa = PBXBuildFile; fileRef = 091D63B64ACE4522B7F762CB /* GoogleAppMeasurement.xcframework */; };
		6DBB683D12D44F919907755F /* GoogleAppMeasurementIdentitySupport.xcframework in Resources */ = {isa = PBXBuildFile; fileRef = A39E497432FC4229B38ECD71 /* GoogleAppMeasurementIdentitySupport.xcframework */; };
		D9BB82E28EFC40599F0F56EB /* GoogleMobileAds.xcframework in Resources */ = {isa = PBXBuildFile; fileRef = B55BD45E15D248269EEDE0F6 /* GoogleMobileAds.xcframework */; };
		48781DDBF7F0427AAD73E510 /* GoogleUtilities.xcframework in Resources */ = {isa = PBXBuildFile; fileRef = 75F0286311DA4273A31BA4C0 /* GoogleUtilities.xcframework */; };
		1A3F8856BB1444CFA6E4BA34 /* UserMessagingPlatform.xcframework in Resources */ = {isa = PBXBuildFile; fileRef = 1F0A989F66B9465ABAC36100 /* UserMessagingPlatform.xcframework */; };
		9F13C7E853A74F6AA86C5613 /* PromisesObjC.xcframework in Resources */ = {isa = PBXBuildFile; fileRef = B43ED3A7FD0243CAB56C61AF /* PromisesObjC.xcframework */; };
		D30CB20DA8EF45EF9A6F01AD /* nanopb.xcframework in Resources */ = {isa = PBXBuildFile; fileRef = 5C0020CA82A84E4BBB6D12D1 /* nanopb.xcframework */; };
		67FCA43BCAB64840AEC77D3F /* libCordovaAd.a in Frameworks */ = {isa = PBXBuildFile; fileRef = 935F953661704E3D8A6B787F /* libCordovaAd.a */; };
		CF5DD824301B46578C8DB101 /* CFNetwork.framework in Frameworks */ = {isa = PBXBuildFile; fileRef = 10DB7FBC2FDA475FB67183D7 /* CFNetwork.framework */; };
		7F7B13F0F1FA41B7B35C5EDF /* CDVAdMobPlugin.m in Sources */ = {isa = PBXBuildFile; fileRef = 56DDCC6340544728B30248F8 /* CDVAdMobPlugin.m */; };
		C7153BDFB9DE41B699B15676 /* AdMobMediation.m in Sources */ = {isa = PBXBuildFile; fileRef = 9AF2B8BA99764F6B9BC8AF79 /* AdMobMediation.m */; };
		218AD1EB46484E0F9FA28408 /* CDVNotification.m in Sources */ = {isa = PBXBuildFile; fileRef = 5E21063E27894DF7BFD752C0 /* CDVNotification.m */; };
		F24E27C84B264E579623B6AC /* CDVNotification.bundle in Resources */ = {isa = PBXBuildFile; fileRef = 57164D8EE17541698279E04E /* CDVNotification.bundle */; };
		60E936DAE543421BAE48E12B /* AudioToolbox.framework in Frameworks */ = {isa = PBXBuildFile; fileRef = 64BB203AD9344333AA5BA3D9 /* AudioToolbox.framework */; settings = {ATTRIBUTES = (Weak, ); }; };
		FF37DA70FB694DF1AECD19E4 /* NativeStorage.m in Sources */ = {isa = PBXBuildFile; fileRef = 6FBDDF0803DA4144A79A6C45 /* NativeStorage.m */; };
		7B6EA7A70D114BE08E5A19A7 /* CDVAppRate.m in Sources */ = {isa = PBXBuildFile; fileRef = 3CB9001617DC4BE2A62DD968 /* CDVAppRate.m */; };
		3483C4DBE9A5499E8709BE60 /* StoreKit.framework in Frameworks */ = {isa = PBXBuildFile; fileRef = 1F941745B28F49E784EE23B8 /* StoreKit.framework */; };
		93A779BA8F1C4D0496D588FB /* CDVDevice.m in Sources */ = {isa = PBXBuildFile; fileRef = 056BFB98F3AC47E4A9FE1498 /* CDVDevice.m */; };
		61FAE0CAA8FF48DEB847020E /* CDVLocation.m in Sources */ = {isa = PBXBuildFile; fileRef = C05522618314460E80A775EB /* CDVLocation.m */; };
		62B2ECE0202B42C784DA4A76 /* CoreLocation.framework in Frameworks */ = {isa = PBXBuildFile; fileRef = 3A5FCFE8B0AB4292B2C3352E /* CoreLocation.framework */; };
		BAEE1B87AE2045FAAEB3DBB1 /* IdfaPlugin.m in Sources */ = {isa = PBXBuildFile; fileRef = B5026E9E86B34AE69B1DD74C /* IdfaPlugin.m */; };
		94BCEDEE08914E089F81F1D3 /* AdSupport.framework in Frameworks */ = {isa = PBXBuildFile; fileRef = BC105124469B4453A0DBD31A /* AdSupport.framework */; settings = {ATTRIBUTES = (Weak, ); }; };
		307503DD53CE48E481CEB8B9 /* AppTrackingTransparency.framework in Frameworks */ = {isa = PBXBuildFile; fileRef = 4487BE4D813846F0BFFE756E /* AppTrackingTransparency.framework */; settings = {ATTRIBUTES = (Weak, ); }; };
		9C3E001D1D08460B8D219333 /* CDVInAppBrowserOptions.m in Sources */ = {isa = PBXBuildFile; fileRef = F8F26C97E70547BB84FFAC2E /* CDVInAppBrowserOptions.m */; };
		8BE7C950BFB24876A0811A78 /* CDVInAppBrowserNavigationController.m in Sources */ = {isa = PBXBuildFile; fileRef = 573612D3579A4E2582CDD118 /* CDVInAppBrowserNavigationController.m */; };
		F15B0F4E0F7B4031A983A134 /* CDVWKInAppBrowser.m in Sources */ = {isa = PBXBuildFile; fileRef = D8CC0A6DEFD44271848400EC /* CDVWKInAppBrowser.m */; };
		F805A2B3B32040949B8C97D1 /* CDVWKInAppBrowserUIDelegate.m in Sources */ = {isa = PBXBuildFile; fileRef = 5DEAE89F119746869319AB0F /* CDVWKInAppBrowserUIDelegate.m */; };
		77AD75F5D9C44E228550950F /* CDVWKWebViewFileXhr.m in Sources */ = {isa = PBXBuildFile; fileRef = 16D70F59DBDE40F6A5D33E54 /* CDVWKWebViewFileXhr.m */; };
		EF2AF6195D65439295E42E29 /* WebKit.framework in Frameworks */ = {isa = PBXBuildFile; fileRef = A5F1FE6F11914129BE465D63 /* WebKit.framework */; settings = {ATTRIBUTES = (Weak, ); }; };
/* End PBXBuildFile section */

/* Begin PBXContainerItemProxy section */
		301BF534109A57CC0062928A /* PBXContainerItemProxy */ = {
			isa = PBXContainerItemProxy;
			containerPortal = 301BF52D109A57CC0062928A /* CordovaLib/CordovaLib.xcodeproj */;
			proxyType = 2;
			remoteGlobalIDString = D2AAC07E0554694100DB518D;
			remoteInfo = CordovaLib;
		};
		301BF550109A68C00062928A /* PBXContainerItemProxy */ = {
			isa = PBXContainerItemProxy;
			containerPortal = 301BF52D109A57CC0062928A /* CordovaLib/CordovaLib.xcodeproj */;
			proxyType = 1;
			remoteGlobalIDString = D2AAC07D0554694100DB518D;
			remoteInfo = CordovaLib;
		};
		907D8123214C687600058A10 /* PBXContainerItemProxy */ = {
			isa = PBXContainerItemProxy;
			containerPortal = 301BF52D109A57CC0062928A /* CordovaLib/CordovaLib.xcodeproj */;
			proxyType = 2;
			remoteGlobalIDString = C0C01EB21E3911D50056E6CB;
			remoteInfo = Cordova;
		};
/* End PBXContainerItemProxy section */

/* Begin PBXFileReference section */
		0207DA571B56EA530066E2B4 /* Images.xcassets */ = {isa = PBXFileReference; lastKnownFileType = folder.assetcatalog; name = Images.xcassets; path = "GBT Bus Tracker/Images.xcassets"; sourceTree = SOURCE_ROOT; };
		1D3623240D0F684500981E51 /* AppDelegate.h */ = {isa = PBXFileReference; fileEncoding = 4; lastKnownFileType = sourcecode.c.h; path = AppDelegate.h; sourceTree = "<group>"; };
		1D3623250D0F684500981E51 /* AppDelegate.m */ = {isa = PBXFileReference; fileEncoding = 4; lastKnownFileType = sourcecode.c.objc; path = AppDelegate.m; sourceTree = "<group>"; };
		1D6058910D05DD3D006BFB54 /* GBT Bus Tracker.app */ = {isa = PBXFileReference; explicitFileType = wrapper.application; includeInIndex = 0; path = "GBT Bus Tracker.app"; sourceTree = BUILT_PRODUCTS_DIR; };
		29B97316FDCFA39411CA2CEA /* main.m */ = {isa = PBXFileReference; fileEncoding = 4; lastKnownFileType = sourcecode.c.objc; path = main.m; sourceTree = "<group>"; };
		301BF52D109A57CC0062928A /* CordovaLib/CordovaLib.xcodeproj */ = {isa = PBXFileReference; lastKnownFileType = "wrapper.pb-project"; name = CordovaLib.xcodeproj; path = CordovaLib/CordovaLib.xcodeproj; sourceTree = "<group>"; };
		301BF56E109A69640062928A /* www */ = {isa = PBXFileReference; lastKnownFileType = folder; path = www; sourceTree = SOURCE_ROOT; };
		302D95EE14D2391D003F00A1 /* MainViewController.h */ = {isa = PBXFileReference; fileEncoding = 4; lastKnownFileType = sourcecode.c.h; path = MainViewController.h; sourceTree = "<group>"; };
		302D95EF14D2391D003F00A1 /* MainViewController.m */ = {isa = PBXFileReference; fileEncoding = 4; lastKnownFileType = sourcecode.c.objc; path = MainViewController.m; sourceTree = "<group>"; };
		302D95F014D2391D003F00A1 /* MainViewController.xib */ = {isa = PBXFileReference; fileEncoding = 4; lastKnownFileType = file.xib; path = MainViewController.xib; sourceTree = "<group>"; };
		3047A50F1AB8059700498E2A /* build-debug.xcconfig */ = {isa = PBXFileReference; fileEncoding = 4; lastKnownFileType = text.xcconfig; name = "build-debug.xcconfig"; path = "cordova/build-debug.xcconfig"; sourceTree = SOURCE_ROOT; };
		3047A5101AB8059700498E2A /* build-release.xcconfig */ = {isa = PBXFileReference; fileEncoding = 4; lastKnownFileType = text.xcconfig; name = "build-release.xcconfig"; path = "cordova/build-release.xcconfig"; sourceTree = SOURCE_ROOT; };
		3047A5111AB8059700498E2A /* build.xcconfig */ = {isa = PBXFileReference; fileEncoding = 4; lastKnownFileType = text.xcconfig; name = build.xcconfig; path = cordova/build.xcconfig; sourceTree = SOURCE_ROOT; };
		32CA4F630368D1EE00C91783 /* GBT Bus Tracker-Prefix.pch */ = {isa = PBXFileReference; fileEncoding = 4; lastKnownFileType = sourcecode.c.h; path = "GBT Bus Tracker-Prefix.pch"; sourceTree = "<group>"; };
		6AFF5BF81D6E424B00AB3073 /* CDVLaunchScreen.storyboard */ = {isa = PBXFileReference; fileEncoding = 4; lastKnownFileType = file.storyboard; name = CDVLaunchScreen.storyboard; path = "GBT Bus Tracker/CDVLaunchScreen.storyboard"; sourceTree = SOURCE_ROOT; };
		8D1107310486CEB800E47090 /* GBT Bus Tracker-Info.plist */ = {isa = PBXFileReference; fileEncoding = 4; lastKnownFileType = text.plist.xml; name = "GBT Bus Tracker-Info.plist"; path = "GBT Bus Tracker/GBT Bus Tracker-Info.plist"; plistStructureDefinitionIdentifier = "com.apple.xcode.plist.structure-definition.iphone.info-plist"; sourceTree = SOURCE_ROOT; };
		EB87FDF31871DA8E0020F90C /* www */ = {isa = PBXFileReference; lastKnownFileType = folder; name = www; path = ../../www; sourceTree = "<group>"; };
		EB87FDF41871DAF40020F90C /* config.xml */ = {isa = PBXFileReference; lastKnownFileType = text.xml; name = config.xml; path = ../../config.xml; sourceTree = "<group>"; };
		ED33DF2A687741AEAF9F8254 /* Bridging-Header.h */ = {isa = PBXFileReference; fileEncoding = 4; lastKnownFileType = sourcecode.c.h; path = "Bridging-Header.h"; sourceTree = "<group>"; };
		F840E1F0165FE0F500CFE078 /* config.xml */ = {isa = PBXFileReference; lastKnownFileType = text.xml; name = config.xml; path = "GBT Bus Tracker/config.xml"; sourceTree = "<group>"; };
		091D63B64ACE4522B7F762CB /* GoogleAppMeasurement.xcframework */ = {isa = PBXFileReference; name = "GoogleAppMeasurement.xcframework"; path = "GBT Bus Tracker/Plugins/cordova-admobsdk/GoogleAppMeasurement.xcframework"; sourceTree = "<group>"; fileEncoding = undefined; lastKnownFileType = unknown; explicitFileType = undefined; includeInIndex = 0; };
		A39E497432FC4229B38ECD71 /* GoogleAppMeasurementIdentitySupport.xcframework */ = {isa = PBXFileReference; name = "GoogleAppMeasurementIdentitySupport.xcframework"; path = "GBT Bus Tracker/Plugins/cordova-admobsdk/GoogleAppMeasurementIdentitySupport.xcframework"; sourceTree = "<group>"; fileEncoding = undefined; lastKnownFileType = unknown; explicitFileType = undefined; includeInIndex = 0; };
		B55BD45E15D248269EEDE0F6 /* GoogleMobileAds.xcframework */ = {isa = PBXFileReference; name = "GoogleMobileAds.xcframework"; path = "GBT Bus Tracker/Plugins/cordova-admobsdk/GoogleMobileAds.xcframework"; sourceTree = "<group>"; fileEncoding = undefined; lastKnownFileType = unknown; explicitFileType = undefined; includeInIndex = 0; };
		75F0286311DA4273A31BA4C0 /* GoogleUtilities.xcframework */ = {isa = PBXFileReference; name = "GoogleUtilities.xcframework"; path = "GBT Bus Tracker/Plugins/cordova-admobsdk/GoogleUtilities.xcframework"; sourceTree = "<group>"; fileEncoding = undefined; lastKnownFileType = unknown; explicitFileType = undefined; includeInIndex = 0; };
		1F0A989F66B9465ABAC36100 /* UserMessagingPlatform.xcframework */ = {isa = PBXFileReference; name = "UserMessagingPlatform.xcframework"; path = "GBT Bus Tracker/Plugins/cordova-admobsdk/UserMessagingPlatform.xcframework"; sourceTree = "<group>"; fileEncoding = undefined; lastKnownFileType = unknown; explicitFileType = undefined; includeInIndex = 0; };
		B43ED3A7FD0243CAB56C61AF /* PromisesObjC.xcframework */ = {isa = PBXFileReference; name = "PromisesObjC.xcframework"; path = "GBT Bus Tracker/Plugins/cordova-admobsdk/PromisesObjC.xcframework"; sourceTree = "<group>"; fileEncoding = undefined; lastKnownFileType = unknown; explicitFileType = undefined; includeInIndex = 0; };
		5C0020CA82A84E4BBB6D12D1 /* nanopb.xcframework */ = {isa = PBXFileReference; name = "nanopb.xcframework"; path = "GBT Bus Tracker/Plugins/cordova-admobsdk/nanopb.xcframework"; sourceTree = "<group>"; fileEncoding = undefined; lastKnownFileType = unknown; explicitFileType = undefined; includeInIndex = 0; };
		935F953661704E3D8A6B787F /* libCordovaAd.a */ = {isa = PBXFileReference; name = "libCordovaAd.a"; path = "GBT Bus Tracker/Plugins/cordova-plugin-extension/libCordovaAd.a"; sourceTree = "<group>"; fileEncoding = undefined; lastKnownFileType = archive.ar; explicitFileType = undefined; includeInIndex = 0; };
		B56D498A768E42778CD8AC41 /* PluginAdapterDelegate.h */ = {isa = PBXFileReference; name = "PluginAdapterDelegate.h"; path = "cordova-plugin-extension/PluginAdapterDelegate.h"; sourceTree = "<group>"; fileEncoding = 4; lastKnownFileType = sourcecode.c.h; explicitFileType = undefined; includeInIndex = 0; };
		7B7EF567ABBA49FBAB379604 /* CDVPluginExt.h */ = {isa = PBXFileReference; name = "CDVPluginExt.h"; path = "cordova-plugin-extension/CDVPluginExt.h"; sourceTree = "<group>"; fileEncoding = 4; lastKnownFileType = sourcecode.c.h; explicitFileType = undefined; includeInIndex = 0; };
		EA0462DC80C048B3B9CB0CC3 /* GenericAdPlugin.h */ = {isa = PBXFileReference; name = "GenericAdPlugin.h"; path = "cordova-plugin-extension/GenericAdPlugin.h"; sourceTree = "<group>"; fileEncoding = 4; lastKnownFileType = sourcecode.c.h; explicitFileType = undefined; includeInIndex = 0; };
		10DB7FBC2FDA475FB67183D7 /* CFNetwork.framework */ = {isa = PBXFileReference; name = "CFNetwork.framework"; path = "System/Library/Frameworks/CFNetwork.framework"; sourceTree = SDKROOT; fileEncoding = undefined; lastKnownFileType = wrapper.framework; explicitFileType = undefined; includeInIndex = 0; };
		56DDCC6340544728B30248F8 /* CDVAdMobPlugin.m */ = {isa = PBXFileReference; name = "CDVAdMobPlugin.m"; path = "cordova-plugin-admobpro/CDVAdMobPlugin.m"; sourceTree = "<group>"; fileEncoding = 4; lastKnownFileType = sourcecode.c.objc; explicitFileType = undefined; includeInIndex = 0; };
		9AF2B8BA99764F6B9BC8AF79 /* AdMobMediation.m */ = {isa = PBXFileReference; name = "AdMobMediation.m"; path = "cordova-plugin-admobpro/AdMobMediation.m"; sourceTree = "<group>"; fileEncoding = 4; lastKnownFileType = sourcecode.c.objc; explicitFileType = undefined; includeInIndex = 0; };
		EEAAA9C928354F65B476CC23 /* CDVAdMobPlugin.h */ = {isa = PBXFileReference; name = "CDVAdMobPlugin.h"; path = "cordova-plugin-admobpro/CDVAdMobPlugin.h"; sourceTree = "<group>"; fileEncoding = 4; lastKnownFileType = sourcecode.c.h; explicitFileType = undefined; includeInIndex = 0; };
		276A86681A0B4167AAD2AEC9 /* AdMobMediation.h */ = {isa = PBXFileReference; name = "AdMobMediation.h"; path = "cordova-plugin-admobpro/AdMobMediation.h"; sourceTree = "<group>"; fileEncoding = 4; lastKnownFileType = sourcecode.c.h; explicitFileType = undefined; includeInIndex = 0; };
		5E21063E27894DF7BFD752C0 /* CDVNotification.m */ = {isa = PBXFileReference; name = "CDVNotification.m"; path = "cordova-plugin-dialogs/CDVNotification.m"; sourceTree = "<group>"; fileEncoding = 4; lastKnownFileType = sourcecode.c.objc; explicitFileType = undefined; includeInIndex = 0; };
		6EBE4AE9C726449A944B12F4 /* CDVNotification.h */ = {isa = PBXFileReference; name = "CDVNotification.h"; path = "cordova-plugin-dialogs/CDVNotification.h"; sourceTree = "<group>"; fileEncoding = 4; lastKnownFileType = sourcecode.c.h; explicitFileType = undefined; includeInIndex = 0; };
		57164D8EE17541698279E04E /* CDVNotification.bundle */ = {isa = PBXFileReference; name = "CDVNotification.bundle"; path = "CDVNotification.bundle"; sourceTree = "<group>"; fileEncoding = undefined; lastKnownFileType = wrapper.plug-in; explicitFileType = undefined; includeInIndex = 0; };
		64BB203AD9344333AA5BA3D9 /* AudioToolbox.framework */ = {isa = PBXFileReference; name = "AudioToolbox.framework"; path = "System/Library/Frameworks/AudioToolbox.framework"; sourceTree = SDKROOT; fileEncoding = undefined; lastKnownFileType = wrapper.framework; explicitFileType = undefined; includeInIndex = 0; };
		6FBDDF0803DA4144A79A6C45 /* NativeStorage.m */ = {isa = PBXFileReference; name = "NativeStorage.m"; path = "cordova-plugin-nativestorage/NativeStorage.m"; sourceTree = "<group>"; fileEncoding = 4; lastKnownFileType = sourcecode.c.objc; explicitFileType = undefined; includeInIndex = 0; };
		4C63447F46D24F2783A987D1 /* NativeStorage.h */ = {isa = PBXFileReference; name = "NativeStorage.h"; path = "cordova-plugin-nativestorage/NativeStorage.h"; sourceTree = "<group>"; fileEncoding = 4; lastKnownFileType = sourcecode.c.h; explicitFileType = undefined; includeInIndex = 0; };
		3CB9001617DC4BE2A62DD968 /* CDVAppRate.m */ = {isa = PBXFileReference; name = "CDVAppRate.m"; path = "cordova-plugin-apprate/CDVAppRate.m"; sourceTree = "<group>"; fileEncoding = 4; lastKnownFileType = sourcecode.c.objc; explicitFileType = undefined; includeInIndex = 0; };
		A135D1EE6A51443FB72975F2 /* CDVAppRate.h */ = {isa = PBXFileReference; name = "CDVAppRate.h"; path = "cordova-plugin-apprate/CDVAppRate.h"; sourceTree = "<group>"; fileEncoding = 4; lastKnownFileType = sourcecode.c.h; explicitFileType = undefined; includeInIndex = 0; };
		1F941745B28F49E784EE23B8 /* StoreKit.framework */ = {isa = PBXFileReference; name = "StoreKit.framework"; path = "System/Library/Frameworks/StoreKit.framework"; sourceTree = SDKROOT; fileEncoding = undefined; lastKnownFileType = wrapper.framework; explicitFileType = undefined; includeInIndex = 0; };
		056BFB98F3AC47E4A9FE1498 /* CDVDevice.m */ = {isa = PBXFileReference; name = "CDVDevice.m"; path = "cordova-plugin-device/CDVDevice.m"; sourceTree = "<group>"; fileEncoding = 4; lastKnownFileType = sourcecode.c.objc; explicitFileType = undefined; includeInIndex = 0; };
		A9068AA42347476FB0AEB332 /* CDVDevice.h */ = {isa = PBXFileReference; name = "CDVDevice.h"; path = "cordova-plugin-device/CDVDevice.h"; sourceTree = "<group>"; fileEncoding = 4; lastKnownFileType = sourcecode.c.h; explicitFileType = undefined; includeInIndex = 0; };
		C05522618314460E80A775EB /* CDVLocation.m */ = {isa = PBXFileReference; name = "CDVLocation.m"; path = "cordova-plugin-geolocation/CDVLocation.m"; sourceTree = "<group>"; fileEncoding = 4; lastKnownFileType = sourcecode.c.objc; explicitFileType = undefined; includeInIndex = 0; };
		06C9EB8628E8415D82DB3A46 /* CDVLocation.h */ = {isa = PBXFileReference; name = "CDVLocation.h"; path = "cordova-plugin-geolocation/CDVLocation.h"; sourceTree = "<group>"; fileEncoding = 4; lastKnownFileType = sourcecode.c.h; explicitFileType = undefined; includeInIndex = 0; };
		3A5FCFE8B0AB4292B2C3352E /* CoreLocation.framework */ = {isa = PBXFileReference; name = "CoreLocation.framework"; path = "System/Library/Frameworks/CoreLocation.framework"; sourceTree = SDKROOT; fileEncoding = undefined; lastKnownFileType = wrapper.framework; explicitFileType = undefined; includeInIndex = 0; };
		B5026E9E86B34AE69B1DD74C /* IdfaPlugin.m */ = {isa = PBXFileReference; name = "IdfaPlugin.m"; path = "cordova-plugin-idfa/IdfaPlugin.m"; sourceTree = "<group>"; fileEncoding = 4; lastKnownFileType = sourcecode.c.objc; explicitFileType = undefined; includeInIndex = 0; };
		01AE65A890E146E79F4800C5 /* IdfaPlugin.h */ = {isa = PBXFileReference; name = "IdfaPlugin.h"; path = "cordova-plugin-idfa/IdfaPlugin.h"; sourceTree = "<group>"; fileEncoding = 4; lastKnownFileType = sourcecode.c.h; explicitFileType = undefined; includeInIndex = 0; };
		BC105124469B4453A0DBD31A /* AdSupport.framework */ = {isa = PBXFileReference; name = "AdSupport.framework"; path = "System/Library/Frameworks/AdSupport.framework"; sourceTree = SDKROOT; fileEncoding = undefined; lastKnownFileType = wrapper.framework; explicitFileType = undefined; includeInIndex = 0; };
		4487BE4D813846F0BFFE756E /* AppTrackingTransparency.framework */ = {isa = PBXFileReference; name = "AppTrackingTransparency.framework"; path = "System/Library/Frameworks/AppTrackingTransparency.framework"; sourceTree = SDKROOT; fileEncoding = undefined; lastKnownFileType = wrapper.framework; explicitFileType = undefined; includeInIndex = 0; };
		F8F26C97E70547BB84FFAC2E /* CDVInAppBrowserOptions.m */ = {isa = PBXFileReference; name = "CDVInAppBrowserOptions.m"; path = "cordova-plugin-inappbrowser/CDVInAppBrowserOptions.m"; sourceTree = "<group>"; fileEncoding = 4; lastKnownFileType = sourcecode.c.objc; explicitFileType = undefined; includeInIndex = 0; };
		573612D3579A4E2582CDD118 /* CDVInAppBrowserNavigationController.m */ = {isa = PBXFileReference; name = "CDVInAppBrowserNavigationController.m"; path = "cordova-plugin-inappbrowser/CDVInAppBrowserNavigationController.m"; sourceTree = "<group>"; fileEncoding = 4; lastKnownFileType = sourcecode.c.objc; explicitFileType = undefined; includeInIndex = 0; };
		D8CC0A6DEFD44271848400EC /* CDVWKInAppBrowser.m */ = {isa = PBXFileReference; name = "CDVWKInAppBrowser.m"; path = "cordova-plugin-inappbrowser/CDVWKInAppBrowser.m"; sourceTree = "<group>"; fileEncoding = 4; lastKnownFileType = sourcecode.c.objc; explicitFileType = undefined; includeInIndex = 0; };
		5DEAE89F119746869319AB0F /* CDVWKInAppBrowserUIDelegate.m */ = {isa = PBXFileReference; name = "CDVWKInAppBrowserUIDelegate.m"; path = "cordova-plugin-inappbrowser/CDVWKInAppBrowserUIDelegate.m"; sourceTree = "<group>"; fileEncoding = 4; lastKnownFileType = sourcecode.c.objc; explicitFileType = undefined; includeInIndex = 0; };
		E55A2D8968C14423AD35A682 /* CDVInAppBrowserOptions.h */ = {isa = PBXFileReference; name = "CDVInAppBrowserOptions.h"; path = "cordova-plugin-inappbrowser/CDVInAppBrowserOptions.h"; sourceTree = "<group>"; fileEncoding = 4; lastKnownFileType = sourcecode.c.h; explicitFileType = undefined; includeInIndex = 0; };
		77346BD48FDD4023B1C5A802 /* CDVInAppBrowserNavigationController.h */ = {isa = PBXFileReference; name = "CDVInAppBrowserNavigationController.h"; path = "cordova-plugin-inappbrowser/CDVInAppBrowserNavigationController.h"; sourceTree = "<group>"; fileEncoding = 4; lastKnownFileType = sourcecode.c.h; explicitFileType = undefined; includeInIndex = 0; };
		0D245D0E5C034C6EB81ECD92 /* CDVWKInAppBrowser.h */ = {isa = PBXFileReference; name = "CDVWKInAppBrowser.h"; path = "cordova-plugin-inappbrowser/CDVWKInAppBrowser.h"; sourceTree = "<group>"; fileEncoding = 4; lastKnownFileType = sourcecode.c.h; explicitFileType = undefined; includeInIndex = 0; };
		AC7CAE7DBD11439EA6DE75A6 /* CDVWKInAppBrowserUIDelegate.h */ = {isa = PBXFileReference; name = "CDVWKInAppBrowserUIDelegate.h"; path = "cordova-plugin-inappbrowser/CDVWKInAppBrowserUIDelegate.h"; sourceTree = "<group>"; fileEncoding = 4; lastKnownFileType = sourcecode.c.h; explicitFileType = undefined; includeInIndex = 0; };
		16D70F59DBDE40F6A5D33E54 /* CDVWKWebViewFileXhr.m */ = {isa = PBXFileReference; name = "CDVWKWebViewFileXhr.m"; path = "cordova-plugin-wkwebview-file-xhr/CDVWKWebViewFileXhr.m"; sourceTree = "<group>"; fileEncoding = 4; lastKnownFileType = sourcecode.c.objc; explicitFileType = undefined; includeInIndex = 0; };
		04016EA5DE1C4D79A8C96347 /* CDVWKWebViewFileXhr.h */ = {isa = PBXFileReference; name = "CDVWKWebViewFileXhr.h"; path = "cordova-plugin-wkwebview-file-xhr/CDVWKWebViewFileXhr.h"; sourceTree = "<group>"; fileEncoding = 4; lastKnownFileType = sourcecode.c.h; explicitFileType = undefined; includeInIndex = 0; };
		A5F1FE6F11914129BE465D63 /* WebKit.framework */ = {isa = PBXFileReference; name = "WebKit.framework"; path = "System/Library/Frameworks/WebKit.framework"; sourceTree = SDKROOT; fileEncoding = undefined; lastKnownFileType = wrapper.framework; explicitFileType = undefined; includeInIndex = 0; };
/* End PBXFileReference section */

/* Begin PBXFrameworksBuildPhase section */
		1D60588F0D05DD3D006BFB54 /* Frameworks */ = {
			isa = PBXFrameworksBuildPhase;
			buildActionMask = 2147483647;
			files = (
				301BF552109A68D80062928A /* libCordova.a in Frameworks */,
				2A4CF233B9B44A999DE57974 /* GoogleAppMeasurement.xcframework in Resources */,
				6DBB683D12D44F919907755F /* GoogleAppMeasurementIdentitySupport.xcframework in Resources */,
				D9BB82E28EFC40599F0F56EB /* GoogleMobileAds.xcframework in Resources */,
				48781DDBF7F0427AAD73E510 /* GoogleUtilities.xcframework in Resources */,
				1A3F8856BB1444CFA6E4BA34 /* UserMessagingPlatform.xcframework in Resources */,
				9F13C7E853A74F6AA86C5613 /* PromisesObjC.xcframework in Resources */,
				D30CB20DA8EF45EF9A6F01AD /* nanopb.xcframework in Resources */,
				67FCA43BCAB64840AEC77D3F /* libCordovaAd.a in Frameworks */,
				CF5DD824301B46578C8DB101 /* CFNetwork.framework in Frameworks */,
				60E936DAE543421BAE48E12B /* AudioToolbox.framework in Frameworks */,
				3483C4DBE9A5499E8709BE60 /* StoreKit.framework in Frameworks */,
				62B2ECE0202B42C784DA4A76 /* CoreLocation.framework in Frameworks */,
				94BCEDEE08914E089F81F1D3 /* AdSupport.framework in Frameworks */,
				307503DD53CE48E481CEB8B9 /* AppTrackingTransparency.framework in Frameworks */,
				EF2AF6195D65439295E42E29 /* WebKit.framework in Frameworks */,
			);
			runOnlyForDeploymentPostprocessing = 0;
		};
/* End PBXFrameworksBuildPhase section */

/* Begin PBXGroup section */
		080E96DDFE201D6D7F000001 /* Classes */ = {
			isa = PBXGroup;
			children = (
				302D95EE14D2391D003F00A1 /* MainViewController.h */,
				302D95EF14D2391D003F00A1 /* MainViewController.m */,
				302D95F014D2391D003F00A1 /* MainViewController.xib */,
				1D3623240D0F684500981E51 /* AppDelegate.h */,
				1D3623250D0F684500981E51 /* AppDelegate.m */,
			);
			name = Classes;
			path = "GBT Bus Tracker/Classes";
			sourceTree = SOURCE_ROOT;
		};
		19C28FACFE9D520D11CA2CBB /* Products */ = {
			isa = PBXGroup;
			children = (
				1D6058910D05DD3D006BFB54 /* GBT Bus Tracker.app */,
			);
			name = Products;
			sourceTree = "<group>";
		};
		29B97314FDCFA39411CA2CEA /* CustomTemplate */ = {
			isa = PBXGroup;
			children = (
				EB87FDF41871DAF40020F90C /* config.xml */,
				EB87FDF31871DA8E0020F90C /* www */,
				EB87FDF11871DA420020F90C /* Staging */,
				301BF52D109A57CC0062928A /* CordovaLib/CordovaLib.xcodeproj */,
				080E96DDFE201D6D7F000001 /* Classes */,
				307C750510C5A3420062BCA9 /* Plugins */,
				29B97315FDCFA39411CA2CEA /* Other Sources */,
				29B97317FDCFA39411CA2CEA /* Resources */,
				29B97323FDCFA39411CA2CEA /* Frameworks */,
				19C28FACFE9D520D11CA2CBB /* Products */,
			);
			name = CustomTemplate;
			sourceTree = "<group>";
		};
		29B97315FDCFA39411CA2CEA /* Other Sources */ = {
			isa = PBXGroup;
			children = (
				32CA4F630368D1EE00C91783 /* GBT Bus Tracker-Prefix.pch */,
				29B97316FDCFA39411CA2CEA /* main.m */,
				ED33DF2A687741AEAF9F8254 /* Bridging-Header.h */,
			);
			name = "Other Sources";
			path = "GBT Bus Tracker";
			sourceTree = "<group>";
		};
		29B97317FDCFA39411CA2CEA /* Resources */ = {
			isa = PBXGroup;
			children = (
				0207DA571B56EA530066E2B4 /* Images.xcassets */,
				3047A50E1AB8057F00498E2A /* config */,
				8D1107310486CEB800E47090 /* GBT Bus Tracker-Info.plist */,
				6AFF5BF81D6E424B00AB3073 /* CDVLaunchScreen.storyboard */,
				57164D8EE17541698279E04E /* CDVNotification.bundle */,
			);
			name = Resources;
			path = "GBT Bus Tracker/Resources";
			sourceTree = "<group>";
		};
		29B97323FDCFA39411CA2CEA /* Frameworks */ = {
			isa = PBXGroup;
			children = (
				091D63B64ACE4522B7F762CB /* GoogleAppMeasurement.xcframework */,
				A39E497432FC4229B38ECD71 /* GoogleAppMeasurementIdentitySupport.xcframework */,
				B55BD45E15D248269EEDE0F6 /* GoogleMobileAds.xcframework */,
				75F0286311DA4273A31BA4C0 /* GoogleUtilities.xcframework */,
				1F0A989F66B9465ABAC36100 /* UserMessagingPlatform.xcframework */,
				B43ED3A7FD0243CAB56C61AF /* PromisesObjC.xcframework */,
				5C0020CA82A84E4BBB6D12D1 /* nanopb.xcframework */,
				935F953661704E3D8A6B787F /* libCordovaAd.a */,
				10DB7FBC2FDA475FB67183D7 /* CFNetwork.framework */,
				64BB203AD9344333AA5BA3D9 /* AudioToolbox.framework */,
				1F941745B28F49E784EE23B8 /* StoreKit.framework */,
				3A5FCFE8B0AB4292B2C3352E /* CoreLocation.framework */,
				BC105124469B4453A0DBD31A /* AdSupport.framework */,
				4487BE4D813846F0BFFE756E /* AppTrackingTransparency.framework */,
				A5F1FE6F11914129BE465D63 /* WebKit.framework */,
			);
			name = Frameworks;
			sourceTree = "<group>";
		};
		301BF52E109A57CC0062928A /* Products */ = {
			isa = PBXGroup;
			children = (
				301BF535109A57CC0062928A /* libCordova.a */,
				907D8124214C687600058A10 /* Cordova.framework */,
			);
			name = Products;
			sourceTree = "<group>";
		};
		3047A50E1AB8057F00498E2A /* config */ = {
			isa = PBXGroup;
			children = (
				3047A50F1AB8059700498E2A /* build-debug.xcconfig */,
				3047A5101AB8059700498E2A /* build-release.xcconfig */,
				3047A5111AB8059700498E2A /* build.xcconfig */,
			);
			name = config;
			sourceTree = "<group>";
		};
		307C750510C5A3420062BCA9 /* Plugins */ = {
			isa = PBXGroup;
			children = (
				B56D498A768E42778CD8AC41 /* PluginAdapterDelegate.h */,
				7B7EF567ABBA49FBAB379604 /* CDVPluginExt.h */,
				EA0462DC80C048B3B9CB0CC3 /* GenericAdPlugin.h */,
				56DDCC6340544728B30248F8 /* CDVAdMobPlugin.m */,
				9AF2B8BA99764F6B9BC8AF79 /* AdMobMediation.m */,
				EEAAA9C928354F65B476CC23 /* CDVAdMobPlugin.h */,
				276A86681A0B4167AAD2AEC9 /* AdMobMediation.h */,
				5E21063E27894DF7BFD752C0 /* CDVNotification.m */,
				6EBE4AE9C726449A944B12F4 /* CDVNotification.h */,
				6FBDDF0803DA4144A79A6C45 /* NativeStorage.m */,
				4C63447F46D24F2783A987D1 /* NativeStorage.h */,
				3CB9001617DC4BE2A62DD968 /* CDVAppRate.m */,
				A135D1EE6A51443FB72975F2 /* CDVAppRate.h */,
				056BFB98F3AC47E4A9FE1498 /* CDVDevice.m */,
				A9068AA42347476FB0AEB332 /* CDVDevice.h */,
				C05522618314460E80A775EB /* CDVLocation.m */,
				06C9EB8628E8415D82DB3A46 /* CDVLocation.h */,
				B5026E9E86B34AE69B1DD74C /* IdfaPlugin.m */,
				01AE65A890E146E79F4800C5 /* IdfaPlugin.h */,
				F8F26C97E70547BB84FFAC2E /* CDVInAppBrowserOptions.m */,
				573612D3579A4E2582CDD118 /* CDVInAppBrowserNavigationController.m */,
				D8CC0A6DEFD44271848400EC /* CDVWKInAppBrowser.m */,
				5DEAE89F119746869319AB0F /* CDVWKInAppBrowserUIDelegate.m */,
				E55A2D8968C14423AD35A682 /* CDVInAppBrowserOptions.h */,
				77346BD48FDD4023B1C5A802 /* CDVInAppBrowserNavigationController.h */,
				0D245D0E5C034C6EB81ECD92 /* CDVWKInAppBrowser.h */,
				AC7CAE7DBD11439EA6DE75A6 /* CDVWKInAppBrowserUIDelegate.h */,
				16D70F59DBDE40F6A5D33E54 /* CDVWKWebViewFileXhr.m */,
				04016EA5DE1C4D79A8C96347 /* CDVWKWebViewFileXhr.h */,
			);
			name = Plugins;
			path = "GBT Bus Tracker/Plugins";
			sourceTree = SOURCE_ROOT;
		};
		EB87FDF11871DA420020F90C /* Staging */ = {
			isa = PBXGroup;
			children = (
				F840E1F0165FE0F500CFE078 /* config.xml */,
				301BF56E109A69640062928A /* www */,
			);
			name = Staging;
			sourceTree = "<group>";
		};
/* End PBXGroup section */

/* Begin PBXNativeTarget section */
		1D6058900D05DD3D006BFB54 /* GBT Bus Tracker */ = {
			isa = PBXNativeTarget;
			buildConfigurationList = 1D6058960D05DD3E006BFB54 /* Build configuration list for PBXNativeTarget "GBT Bus Tracker" */;
			buildPhases = (
				304B58A110DAC018002A0835 /* Copy www directory */,
				1D60588D0D05DD3D006BFB54 /* Resources */,
				1D60588E0D05DD3D006BFB54 /* Sources */,
				1D60588F0D05DD3D006BFB54 /* Frameworks */,
			);
			buildRules = (
			);
			dependencies = (
				301BF551109A68C00062928A /* PBXTargetDependency */,
			);
			name = "GBT Bus Tracker";
			productName = "GBT Bus Tracker";
			productReference = 1D6058910D05DD3D006BFB54 /* GBT Bus Tracker.app */;
			productType = "com.apple.product-type.application";
		};
/* End PBXNativeTarget section */

/* Begin PBXProject section */
		29B97313FDCFA39411CA2CEA /* Project object */ = {
			isa = PBXProject;
			attributes = {
				LastUpgradeCheck = 1130;
				TargetAttributes = {
					1D6058900D05DD3D006BFB54 = {
						ProvisioningStyle = Automatic;
					};
				};
			};
			buildConfigurationList = C01FCF4E08A954540054247B /* Build configuration list for PBXProject "GBT Bus Tracker" */;
			compatibilityVersion = "Xcode 11.0";
			developmentRegion = en;
			hasScannedForEncodings = 1;
			knownRegions = (
				en,
				Base,
			);
			mainGroup = 29B97314FDCFA39411CA2CEA /* CustomTemplate */;
			projectDirPath = "";
			projectReferences = (
				{
					ProductGroup = 301BF52E109A57CC0062928A /* Products */;
					ProjectRef = 301BF52D109A57CC0062928A /* CordovaLib/CordovaLib.xcodeproj */;
				},
			);
			projectRoot = "";
			targets = (
				1D6058900D05DD3D006BFB54 /* GBT Bus Tracker */,
			);
		};
/* End PBXProject section */

/* Begin PBXReferenceProxy section */
		301BF535109A57CC0062928A /* libCordova.a */ = {
			isa = PBXReferenceProxy;
			fileType = archive.ar;
			path = libCordova.a;
			remoteRef = 301BF534109A57CC0062928A /* PBXContainerItemProxy */;
			sourceTree = BUILT_PRODUCTS_DIR;
		};
		907D8124214C687600058A10 /* Cordova.framework */ = {
			isa = PBXReferenceProxy;
			fileType = wrapper.framework;
			path = Cordova.framework;
			remoteRef = 907D8123214C687600058A10 /* PBXContainerItemProxy */;
			sourceTree = BUILT_PRODUCTS_DIR;
		};
/* End PBXReferenceProxy section */

/* Begin PBXResourcesBuildPhase section */
		1D60588D0D05DD3D006BFB54 /* Resources */ = {
			isa = PBXResourcesBuildPhase;
			buildActionMask = 2147483647;
			files = (
				302D95F214D2391D003F00A1 /* MainViewController.xib in Resources */,
				0207DA581B56EA530066E2B4 /* Images.xcassets in Resources */,
				6AFF5BF91D6E424B00AB3073 /* CDVLaunchScreen.storyboard in Resources */,
				F24E27C84B264E579623B6AC /* CDVNotification.bundle in Resources */,
			);
			runOnlyForDeploymentPostprocessing = 0;
		};
/* End PBXResourcesBuildPhase section */

/* Begin PBXShellScriptBuildPhase section */
		304B58A110DAC018002A0835 /* Copy www directory */ = {
			isa = PBXShellScriptBuildPhase;
			buildActionMask = 2147483647;
			files = (
			);
			inputPaths = (
			);
			name = "Copy www directory";
			outputPaths = (
			);
			runOnlyForDeploymentPostprocessing = 0;
			shellPath = /bin/sh;
			shellScript = "\"$SRCROOT/GBT Bus Tracker/Scripts/copy-www-build-step.sh\"";
			showEnvVarsInLog = 0;
		};
/* End PBXShellScriptBuildPhase section */

/* Begin PBXSourcesBuildPhase section */
		1D60588E0D05DD3D006BFB54 /* Sources */ = {
			isa = PBXSourcesBuildPhase;
			buildActionMask = 2147483647;
			files = (
				1D60589B0D05DD56006BFB54 /* main.m in Sources */,
				1D3623260D0F684500981E51 /* AppDelegate.m in Sources */,
				302D95F114D2391D003F00A1 /* MainViewController.m in Sources */,
				7F7B13F0F1FA41B7B35C5EDF /* CDVAdMobPlugin.m in Sources */,
				C7153BDFB9DE41B699B15676 /* AdMobMediation.m in Sources */,
				218AD1EB46484E0F9FA28408 /* CDVNotification.m in Sources */,
				FF37DA70FB694DF1AECD19E4 /* NativeStorage.m in Sources */,
				7B6EA7A70D114BE08E5A19A7 /* CDVAppRate.m in Sources */,
				93A779BA8F1C4D0496D588FB /* CDVDevice.m in Sources */,
				61FAE0CAA8FF48DEB847020E /* CDVLocation.m in Sources */,
				BAEE1B87AE2045FAAEB3DBB1 /* IdfaPlugin.m in Sources */,
				9C3E001D1D08460B8D219333 /* CDVInAppBrowserOptions.m in Sources */,
				8BE7C950BFB24876A0811A78 /* CDVInAppBrowserNavigationController.m in Sources */,
				F15B0F4E0F7B4031A983A134 /* CDVWKInAppBrowser.m in Sources */,
				F805A2B3B32040949B8C97D1 /* CDVWKInAppBrowserUIDelegate.m in Sources */,
				77AD75F5D9C44E228550950F /* CDVWKWebViewFileXhr.m in Sources */,
			);
			runOnlyForDeploymentPostprocessing = 0;
		};
/* End PBXSourcesBuildPhase section */

/* Begin PBXTargetDependency section */
		301BF551109A68C00062928A /* PBXTargetDependency */ = {
			isa = PBXTargetDependency;
			name = CordovaLib;
			targetProxy = 301BF550109A68C00062928A /* PBXContainerItemProxy */;
		};
/* End PBXTargetDependency section */

/* Begin XCBuildConfiguration section */
		1D6058940D05DD3E006BFB54 /* Debug */ = {
			isa = XCBuildConfiguration;
			baseConfigurationReference = 3047A50F1AB8059700498E2A /* build-debug.xcconfig */;
			buildSettings = {
				ALWAYS_SEARCH_USER_PATHS = NO;
				ASSETCATALOG_COMPILER_APPICON_NAME = AppIcon;
				CLANG_ENABLE_MODULES = YES;
				CLANG_ENABLE_OBJC_ARC = YES;
				COPY_PHASE_STRIP = NO;
				GCC_DYNAMIC_NO_PIC = NO;
				GCC_OPTIMIZATION_LEVEL = 0;
				GCC_PRECOMPILE_PREFIX_HEADER = YES;
				GCC_PREFIX_HEADER = "GBT Bus Tracker/GBT Bus Tracker-Prefix.pch";
				GCC_THUMB_SUPPORT = NO;
				GCC_VERSION = "";
				INFOPLIST_FILE = "GBT Bus Tracker/GBT Bus Tracker-Info.plist";
				IPHONEOS_DEPLOYMENT_TARGET = 11.0;
				LD_RUNPATH_SEARCH_PATHS = "@executable_path/Frameworks";
				PRODUCT_BUNDLE_IDENTIFIER = com.bridgeport.free;
				PRODUCT_NAME = "$(TARGET_NAME)";
				TARGETED_DEVICE_FAMILY = "1,2";
				VALIDATE_WORKSPACE = NO;
				FRAMEWORK_SEARCH_PATHS = (
					"$(inherited)",
					"\"GBT Bus Tracker/Plugins/cordova-admobsdk\"",
					"\"GBT Bus Tracker/Plugins/cordova-admobsdk\"",
					"\"GBT Bus Tracker/Plugins/cordova-admobsdk\"",
					"\"GBT Bus Tracker/Plugins/cordova-admobsdk\"",
					"\"GBT Bus Tracker/Plugins/cordova-admobsdk\"",
					"\"GBT Bus Tracker/Plugins/cordova-admobsdk\"",
					"\"GBT Bus Tracker/Plugins/cordova-admobsdk\"",
				);
				LIBRARY_SEARCH_PATHS = (
					"$(inherited)",
					"\"$(SRCROOT)/$(TARGET_NAME)/Plugins/cordova-plugin-extension\"",
				);
			};
			name = Debug;
		};
		1D6058950D05DD3E006BFB54 /* Release */ = {
			isa = XCBuildConfiguration;
			baseConfigurationReference = 3047A5101AB8059700498E2A /* build-release.xcconfig */;
			buildSettings = {
				ALWAYS_SEARCH_USER_PATHS = NO;
				ASSETCATALOG_COMPILER_APPICON_NAME = AppIcon;
				CLANG_ENABLE_MODULES = YES;
				CLANG_ENABLE_OBJC_ARC = YES;
				COPY_PHASE_STRIP = YES;
				GCC_PRECOMPILE_PREFIX_HEADER = YES;
				GCC_PREFIX_HEADER = "GBT Bus Tracker/GBT Bus Tracker-Prefix.pch";
				GCC_THUMB_SUPPORT = NO;
				GCC_VERSION = "";
				INFOPLIST_FILE = "GBT Bus Tracker/GBT Bus Tracker-Info.plist";
				IPHONEOS_DEPLOYMENT_TARGET = 11.0;
				LD_RUNPATH_SEARCH_PATHS = "@executable_path/Frameworks";
				PRODUCT_BUNDLE_IDENTIFIER = com.bridgeport.free;
				PRODUCT_NAME = "$(TARGET_NAME)";
				TARGETED_DEVICE_FAMILY = "1,2";
				VALIDATE_WORKSPACE = NO;
				FRAMEWORK_SEARCH_PATHS = (
					"$(inherited)",
					"\"GBT Bus Tracker/Plugins/cordova-admobsdk\"",
					"\"GBT Bus Tracker/Plugins/cordova-admobsdk\"",
					"\"GBT Bus Tracker/Plugins/cordova-admobsdk\"",
					"\"GBT Bus Tracker/Plugins/cordova-admobsdk\"",
					"\"GBT Bus Tracker/Plugins/cordova-admobsdk\"",
					"\"GBT Bus Tracker/Plugins/cordova-admobsdk\"",
					"\"GBT Bus Tracker/Plugins/cordova-admobsdk\"",
				);
				LIBRARY_SEARCH_PATHS = (
					"$(inherited)",
					"\"$(SRCROOT)/$(TARGET_NAME)/Plugins/cordova-plugin-extension\"",
				);
			};
			name = Release;
		};
		C01FCF4F08A954540054247B /* Debug */ = {
			isa = XCBuildConfiguration;
			baseConfigurationReference = 3047A5111AB8059700498E2A /* build.xcconfig */;
			buildSettings = {
				CLANG_ANALYZER_LOCALIZABILITY_NONLOCALIZED = YES;
				CLANG_ENABLE_MODULES = YES;
				CLANG_ENABLE_OBJC_ARC = YES;
				CLANG_WARN_BLOCK_CAPTURE_AUTORELEASING = YES;
				CLANG_WARN_BOOL_CONVERSION = YES;
				CLANG_WARN_COMMA = YES;
				CLANG_WARN_CONSTANT_CONVERSION = YES;
				CLANG_WARN_DEPRECATED_OBJC_IMPLEMENTATIONS = YES;
				CLANG_WARN_EMPTY_BODY = YES;
				CLANG_WARN_ENUM_CONVERSION = YES;
				CLANG_WARN_INFINITE_RECURSION = YES;
				CLANG_WARN_INT_CONVERSION = YES;
				CLANG_WARN_NON_LITERAL_NULL_CONVERSION = YES;
				CLANG_WARN_OBJC_IMPLICIT_RETAIN_SELF = YES;
				CLANG_WARN_OBJC_LITERAL_CONVERSION = YES;
				CLANG_WARN_RANGE_LOOP_ANALYSIS = YES;
				CLANG_WARN_STRICT_PROTOTYPES = YES;
				CLANG_WARN_SUSPICIOUS_MOVE = YES;
				CLANG_WARN_UNREACHABLE_CODE = YES;
				CLANG_WARN__DUPLICATE_METHOD_MATCH = YES;
				ENABLE_STRICT_OBJC_MSGSEND = YES;
				ENABLE_TESTABILITY = YES;
				GCC_C_LANGUAGE_STANDARD = c99;
				GCC_NO_COMMON_BLOCKS = YES;
				GCC_THUMB_SUPPORT = NO;
				GCC_VERSION = "";
				GCC_WARN_64_TO_32_BIT_CONVERSION = YES;
				GCC_WARN_ABOUT_RETURN_TYPE = YES;
				GCC_WARN_UNDECLARED_SELECTOR = YES;
				GCC_WARN_UNINITIALIZED_AUTOS = YES;
				GCC_WARN_UNUSED_FUNCTION = YES;
				GCC_WARN_UNUSED_VARIABLE = YES;
				ONLY_ACTIVE_ARCH = YES;
				SDKROOT = iphoneos;
				SKIP_INSTALL = NO;
				WK_WEB_VIEW_ONLY = 1;
				TARGETED_DEVICE_FAMILY = "1,2";
			};
			name = Debug;
		};
		C01FCF5008A954540054247B /* Release */ = {
			isa = XCBuildConfiguration;
			baseConfigurationReference = 3047A5111AB8059700498E2A /* build.xcconfig */;
			buildSettings = {
				CLANG_ANALYZER_LOCALIZABILITY_NONLOCALIZED = YES;
				CLANG_ENABLE_MODULES = YES;
				CLANG_ENABLE_OBJC_ARC = YES;
				CLANG_WARN_BLOCK_CAPTURE_AUTORELEASING = YES;
				CLANG_WARN_BOOL_CONVERSION = YES;
				CLANG_WARN_COMMA = YES;
				CLANG_WARN_CONSTANT_CONVERSION = YES;
				CLANG_WARN_DEPRECATED_OBJC_IMPLEMENTATIONS = YES;
				CLANG_WARN_EMPTY_BODY = YES;
				CLANG_WARN_ENUM_CONVERSION = YES;
				CLANG_WARN_INFINITE_RECURSION = YES;
				CLANG_WARN_INT_CONVERSION = YES;
				CLANG_WARN_NON_LITERAL_NULL_CONVERSION = YES;
				CLANG_WARN_OBJC_IMPLICIT_RETAIN_SELF = YES;
				CLANG_WARN_OBJC_LITERAL_CONVERSION = YES;
				CLANG_WARN_RANGE_LOOP_ANALYSIS = YES;
				CLANG_WARN_STRICT_PROTOTYPES = YES;
				CLANG_WARN_SUSPICIOUS_MOVE = YES;
				CLANG_WARN_UNREACHABLE_CODE = YES;
				CLANG_WARN__DUPLICATE_METHOD_MATCH = YES;
				ENABLE_STRICT_OBJC_MSGSEND = YES;
				GCC_C_LANGUAGE_STANDARD = c99;
				GCC_NO_COMMON_BLOCKS = YES;
				GCC_THUMB_SUPPORT = NO;
				GCC_VERSION = "";
				GCC_WARN_64_TO_32_BIT_CONVERSION = YES;
				GCC_WARN_ABOUT_RETURN_TYPE = YES;
				GCC_WARN_UNDECLARED_SELECTOR = YES;
				GCC_WARN_UNINITIALIZED_AUTOS = YES;
				GCC_WARN_UNUSED_FUNCTION = YES;
				GCC_WARN_UNUSED_VARIABLE = YES;
				SDKROOT = iphoneos;
				SKIP_INSTALL = NO;
				WK_WEB_VIEW_ONLY = 1;
				TARGETED_DEVICE_FAMILY = "1,2";
			};
			name = Release;
		};
/* End XCBuildConfiguration section */

/* Begin XCConfigurationList section */
		1D6058960D05DD3E006BFB54 /* Build configuration list for PBXNativeTarget "GBT Bus Tracker" */ = {
			isa = XCConfigurationList;
			buildConfigurations = (
				1D6058940D05DD3E006BFB54 /* Debug */,
				1D6058950D05DD3E006BFB54 /* Release */,
			);
			defaultConfigurationIsVisible = 0;
			defaultConfigurationName = Release;
		};
		C01FCF4E08A954540054247B /* Build configuration list for PBXProject "GBT Bus Tracker" */ = {
			isa = XCConfigurationList;
			buildConfigurations = (
				C01FCF4F08A954540054247B /* Debug */,
				C01FCF5008A954540054247B /* Release */,
			);
			defaultConfigurationIsVisible = 0;
			defaultConfigurationName = Release;
		};
/* End XCConfigurationList section */
	};
	rootObject = 29B97313FDCFA39411CA2CEA /* Project object */;
}
